
Microsoft Visual Studio Solution File, Format Version 12.00
# Visual Studio Version 17
VisualStudioVersion = 17.14.36221.1 d17.14
MinimumVisualStudioVersion = 10.0.40219.1
Project("{FAE04EC0-301F-11D3-BF4B-00C04F79EFBC}") = "CinemaVerse.API", "CinemaVerse\CinemaVerse.API.csproj", "{53E4CE79-9320-4D7D-82A1-C63FC1B93ABA}"
EndProject
Project("{FAE04EC0-301F-11D3-BF4B-00C04F79EFBC}") = "CinemaVerse.Services", "CinemaVerse.Services\CinemaVerse.Services.csproj", "{02692AFC-2408-451F-BB43-745A0CD9DCB9}"
EndProject
Project("{FAE04EC0-301F-11D3-BF4B-00C04F79EFBC}") = "CinemaVerse.Data", "CinemaVerse.Data\CinemaVerse.Data.csproj", "{047028E1-C5F1-4896-81BB-CE3402D7ADBB}"
EndProject
Global
	GlobalSection(SolutionConfigurationPlatforms) = preSolution
		Debug|Any CPU = Debug|Any CPU
		Release|Any CPU = Release|Any CPU
	EndGlobalSection
	GlobalSection(ProjectConfigurationPlatforms) = postSolution
		{53E4CE79-9320-4D7D-82A1-C63FC1B93ABA}.Debug|Any CPU.ActiveCfg = Debug|Any CPU
		{53E4CE79-9320-4D7D-82A1-C63FC1B93ABA}.Debug|Any CPU.Build.0 = Debug|Any CPU
		{53E4CE79-9320-4D7D-82A1-C63FC1B93ABA}.Release|Any CPU.ActiveCfg = Release|Any CPU
		{53E4CE79-9320-4D7D-82A1-C63FC1B93ABA}.Release|Any CPU.Build.0 = Release|Any CPU
		{02692AFC-2408-451F-BB43-745A0CD9DCB9}.Debug|Any CPU.ActiveCfg = Debug|Any CPU
		{02692AFC-2408-451F-BB43-745A0CD9DCB9}.Debug|Any CPU.Build.0 = Debug|Any CPU
		{02692AFC-2408-451F-BB43-745A0CD9DCB9}.Release|Any CPU.ActiveCfg = Release|Any CPU
		{02692AFC-2408-451F-BB43-745A0CD9DCB9}.Release|Any CPU.Build.0 = Release|Any CPU
		{047028E1-C5F1-4896-81BB-CE3402D7ADBB}.Debug|Any CPU.ActiveCfg = Debug|Any CPU
		{047028E1-C5F1-4896-81BB-CE3402D7ADBB}.Debug|Any CPU.Build.0 = Debug|Any CPU
		{047028E1-C5F1-4896-81BB-CE3402D7ADBB}.Release|Any CPU.ActiveCfg = Release|Any CPU
		{047028E1-C5F1-4896-81BB-CE3402D7ADBB}.Release|Any CPU.Build.0 = Release|Any CPU
	EndGlobalSection
	GlobalSection(SolutionProperties) = preSolution
		HideSolutionNode = FALSE
	EndGlobalSection
	GlobalSection(ExtensibilityGlobals) = postSolution
		SolutionGuid = {DAF1CDBE-DB31-4CD2-BE6C-48E6385F81C2}
	EndGlobalSection
EndGlobal
